{
  "version": "3",
  "packages": {
    "specifiers": {
      "npm:antlr4": "npm:antlr4@4.13.1-patch-1"
    },
    "npm": {
      "antlr4@4.13.1-patch-1": {
        "integrity": "sha512-OjFLWWLzDMV9rdFhpvroCWR4ooktNg9/nvVYSA5z28wuVpU36QUNuioR1XLnQtcjVlf8npjyz593PxnU/f/Cow==",
        "dependencies": {}
      }
    }
  },
  "remote": {}
}
