{
  "version": "5",
  "specifiers": {
    "npm:@types/node@*": "18.16.19",
    "npm:@types/vscode@*": "1.85.0"
  },
  "npm": {
    "@types/node@18.16.19": {
      "integrity": "sha512-IXl7o+R9iti9eBW4Wg2hx1xQDig183jj7YLn8F7udNceyfkbn1ZxmzZXuak20gR40D7pIkIY1kYGx5VIGbaHKA=="
    },
    "@types/vscode@1.85.0": {
      "integrity": "sha512-CF/RBon/GXwdfmnjZj0WTUMZN5H6YITOfBCP4iEZlOtVQXuzw6t7Le7+cR+7JzdMrnlm7Mfp49Oj2TuSXIWo3g=="
    }
  },
  "workspace": {
    "dependencies": [
      "npm:@types/vscode@*"
    ]
  }
}
